Microsoft Visual Studio Solution File, Format Version 12.00
# Visual Studio Version 17
VisualStudioVersion = 17.5.2.0
MinimumVisualStudioVersion = 10.0.40219.1
Project("{FAE04EC0-301F-11D3-BF4B-00C04F79EFBC}") = "UsersService", "UsersService.csproj", "{8482D928-447B-5E9B-59A2-4D845B5F939E}"
EndProject
Global
	GlobalSection(SolutionConfigurationPlatforms) = preSolution
		Debug|Any CPU = Debug|Any CPU
		Release|Any CPU = Release|Any CPU
	EndGlobalSection
	GlobalSection(ProjectConfigurationPlatforms) = postSolution
		{8482D928-447B-5E9B-59A2-4D845B5F939E}.Debug|Any CPU.ActiveCfg = Debug|Any CPU
		{8482D928-447B-5E9B-59A2-4D845B5F939E}.Debug|Any CPU.Build.0 = Debug|Any CPU
		{8482D928-447B-5E9B-59A2-4D845B5F939E}.Release|Any CPU.ActiveCfg = Release|Any CPU
		{8482D928-447B-5E9B-59A2-4D845B5F939E}.Release|Any CPU.Build.0 = Release|Any CPU
	EndGlobalSection
	GlobalSection(SolutionProperties) = preSolution
		HideSolutionNode = FALSE
	EndGlobalSection
	GlobalSection(ExtensibilityGlobals) = postSolution
		SolutionGuid = {3429B3FC-30AE-4968-AF7C-F7EF7EF3EA07}
	EndGlobalSection
EndGlobal
